
Microsoft Visual Studio Solution File, Format Version 12.00
# Visual Studio Version 17
VisualStudioVersion = 17.0.31903.59
MinimumVisualStudioVersion = 10.0.40219.1
Project("{2150E333-8FDC-42A3-9474-1A3956D46DE8}") = "src", "src", "{404CED4B-F8D6-40CE-A0A8-44D6CDE59DB3}"
EndProject
Project("{9A19103F-16F7-4668-BE54-9A1E7A4F7556}") = "senior.api", "src\senior.api\senior.api.csproj", "{27A955B6-44DE-4DD6-BEB8-22EB7C79222F}"
EndProject
Project("{E53339B2-1760-4266-BCC7-CA923CBCF16C}") = "docker-compose", "docker-compose.dcproj", "{DF8FCAEF-35AD-4383-B72E-43B1714D4D1C}"
EndProject
Project("{FAE04EC0-301F-11D3-BF4B-00C04F79EFBC}") = "senior.test", "src\senior.test\senior.test.csproj", "{77EFA0BA-12BB-45E0-9F81-3A5577F9A9EB}"
EndProject
Global
	GlobalSection(SolutionConfigurationPlatforms) = preSolution
		Debug|Any CPU = Debug|Any CPU
		Release|Any CPU = Release|Any CPU
	EndGlobalSection
	GlobalSection(ProjectConfigurationPlatforms) = postSolution
		{27A955B6-44DE-4DD6-BEB8-22EB7C79222F}.Debug|Any CPU.ActiveCfg = Debug|Any CPU
		{27A955B6-44DE-4DD6-BEB8-22EB7C79222F}.Debug|Any CPU.Build.0 = Debug|Any CPU
		{27A955B6-44DE-4DD6-BEB8-22EB7C79222F}.Release|Any CPU.ActiveCfg = Release|Any CPU
		{27A955B6-44DE-4DD6-BEB8-22EB7C79222F}.Release|Any CPU.Build.0 = Release|Any CPU
		{DF8FCAEF-35AD-4383-B72E-43B1714D4D1C}.Debug|Any CPU.ActiveCfg = Debug|Any CPU
		{DF8FCAEF-35AD-4383-B72E-43B1714D4D1C}.Debug|Any CPU.Build.0 = Debug|Any CPU
		{DF8FCAEF-35AD-4383-B72E-43B1714D4D1C}.Release|Any CPU.ActiveCfg = Release|Any CPU
		{DF8FCAEF-35AD-4383-B72E-43B1714D4D1C}.Release|Any CPU.Build.0 = Release|Any CPU
		{77EFA0BA-12BB-45E0-9F81-3A5577F9A9EB}.Debug|Any CPU.ActiveCfg = Debug|Any CPU
		{77EFA0BA-12BB-45E0-9F81-3A5577F9A9EB}.Debug|Any CPU.Build.0 = Debug|Any CPU
		{77EFA0BA-12BB-45E0-9F81-3A5577F9A9EB}.Release|Any CPU.ActiveCfg = Release|Any CPU
		{77EFA0BA-12BB-45E0-9F81-3A5577F9A9EB}.Release|Any CPU.Build.0 = Release|Any CPU
	EndGlobalSection
	GlobalSection(SolutionProperties) = preSolution
		HideSolutionNode = FALSE
	EndGlobalSection
	GlobalSection(NestedProjects) = preSolution
		{27A955B6-44DE-4DD6-BEB8-22EB7C79222F} = {404CED4B-F8D6-40CE-A0A8-44D6CDE59DB3}
		{77EFA0BA-12BB-45E0-9F81-3A5577F9A9EB} = {404CED4B-F8D6-40CE-A0A8-44D6CDE59DB3}
	EndGlobalSection
EndGlobal
